
Microsoft Visual Studio Solution File, Format Version 12.00
Project("{FAE04EC0-301F-11D3-BF4B-00C04F79EFBC}") = "MoxfieldPriceScraper", "MoxfieldPriceScraper\MoxfieldPriceScraper.csproj", "{59040D38-0177-4DBB-B527-651DDEC710EA}"
EndProject
Project("{2150E333-8FDC-42A3-9474-1A3956D46DE8}") = "Solution Items", "Solution Items", "{3726EE0C-A16A-483E-881C-4290B7B95620}"
	ProjectSection(SolutionItems) = preProject
		docker-compose.yml = docker-compose.yml
	EndProjectSection
EndProject
Global
	GlobalSection(SolutionConfigurationPlatforms) = preSolution
		Debug|Any CPU = Debug|Any CPU
		Release|Any CPU = Release|Any CPU
	EndGlobalSection
	GlobalSection(ProjectConfigurationPlatforms) = postSolution
		{59040D38-0177-4DBB-B527-651DDEC710EA}.Debug|Any CPU.ActiveCfg = Debug|Any CPU
		{59040D38-0177-4DBB-B527-651DDEC710EA}.Debug|Any CPU.Build.0 = Debug|Any CPU
		{59040D38-0177-4DBB-B527-651DDEC710EA}.Release|Any CPU.ActiveCfg = Release|Any CPU
		{59040D38-0177-4DBB-B527-651DDEC710EA}.Release|Any CPU.Build.0 = Release|Any CPU
	EndGlobalSection
EndGlobal
